
Microsoft Visual Studio Solution File, Format Version 12.00
# Visual Studio Version 17
VisualStudioVersion = 17.2.32616.157
MinimumVisualStudioVersion = 10.0.40219.1
Project("{FAE04EC0-301F-11D3-BF4B-00C04F79EFBC}") = "ArticToBeckhoff", "ArticToBeckhoff\ArticToBeckhoff.csproj", "{B2DD05CE-D1E3-4165-967B-A4EC0F2C8FED}"
EndProject
Global
	GlobalSection(SolutionConfigurationPlatforms) = preSolution
		Debug|Any CPU = Debug|Any CPU
		Release|Any CPU = Release|Any CPU
	EndGlobalSection
	GlobalSection(ProjectConfigurationPlatforms) = postSolution
		{B2DD05CE-D1E3-4165-967B-A4EC0F2C8FED}.Debug|Any CPU.ActiveCfg = Debug|Any CPU
		{B2DD05CE-D1E3-4165-967B-A4EC0F2C8FED}.Debug|Any CPU.Build.0 = Debug|Any CPU
		{B2DD05CE-D1E3-4165-967B-A4EC0F2C8FED}.Release|Any CPU.ActiveCfg = Release|Any CPU
		{B2DD05CE-D1E3-4165-967B-A4EC0F2C8FED}.Release|Any CPU.Build.0 = Release|Any CPU
	EndGlobalSection
	GlobalSection(SolutionProperties) = preSolution
		HideSolutionNode = FALSE
	EndGlobalSection
	GlobalSection(ExtensibilityGlobals) = postSolution
		SolutionGuid = {710FFBA4-523A-4F30-A609-21D342FA21A0}
	EndGlobalSection
EndGlobal
